
Microsoft Visual Studio Solution File, Format Version 12.00
# Visual Studio Version 17
VisualStudioVersion = 17.11.35431.28
MinimumVisualStudioVersion = 10.0.40219.1
Project("{8BC9CEB8-8B4A-11D0-8D11-00A0C91BC942}") = "Lesson1CPP", "Lesson1CPP\Lesson1CPP.vcxproj", "{89C258E5-68F1-4F10-AC1F-1210BD529F85}"
EndProject
Project("{2150E333-8FDC-42A3-9474-1A3956D46DE8}") = "HomeWork6", "HomeWork6", "{5A33760A-C977-41C0-9640-14D467ED706E}"
EndProject
Project("{8BC9CEB8-8B4A-11D0-8D11-00A0C91BC942}") = "HW6", "H:\CPP project\Lesson1CPP\HW6\HW6\HW6.vcxproj", "{830F301E-9BED-4EAB-883B-22655F6E2516}"
EndProject
Global
	GlobalSection(SolutionConfigurationPlatforms) = preSolution
		Debug|x64 = Debug|x64
		Debug|x86 = Debug|x86
		Release|x64 = Release|x64
		Release|x86 = Release|x86
	EndGlobalSection
	GlobalSection(ProjectConfigurationPlatforms) = postSolution
		{89C258E5-68F1-4F10-AC1F-1210BD529F85}.Debug|x64.ActiveCfg = Debug|x64
		{89C258E5-68F1-4F10-AC1F-1210BD529F85}.Debug|x64.Build.0 = Debug|x64
		{89C258E5-68F1-4F10-AC1F-1210BD529F85}.Debug|x86.ActiveCfg = Debug|Win32
		{89C258E5-68F1-4F10-AC1F-1210BD529F85}.Debug|x86.Build.0 = Debug|Win32
		{89C258E5-68F1-4F10-AC1F-1210BD529F85}.Release|x64.ActiveCfg = Release|x64
		{89C258E5-68F1-4F10-AC1F-1210BD529F85}.Release|x64.Build.0 = Release|x64
		{89C258E5-68F1-4F10-AC1F-1210BD529F85}.Release|x86.ActiveCfg = Release|Win32
		{89C258E5-68F1-4F10-AC1F-1210BD529F85}.Release|x86.Build.0 = Release|Win32
		{830F301E-9BED-4EAB-883B-22655F6E2516}.Debug|x64.ActiveCfg = Debug|x64
		{830F301E-9BED-4EAB-883B-22655F6E2516}.Debug|x64.Build.0 = Debug|x64
		{830F301E-9BED-4EAB-883B-22655F6E2516}.Debug|x86.ActiveCfg = Debug|Win32
		{830F301E-9BED-4EAB-883B-22655F6E2516}.Debug|x86.Build.0 = Debug|Win32
		{830F301E-9BED-4EAB-883B-22655F6E2516}.Release|x64.ActiveCfg = Release|x64
		{830F301E-9BED-4EAB-883B-22655F6E2516}.Release|x64.Build.0 = Release|x64
		{830F301E-9BED-4EAB-883B-22655F6E2516}.Release|x86.ActiveCfg = Release|Win32
		{830F301E-9BED-4EAB-883B-22655F6E2516}.Release|x86.Build.0 = Release|Win32
	EndGlobalSection
	GlobalSection(SolutionProperties) = preSolution
		HideSolutionNode = FALSE
	EndGlobalSection
	GlobalSection(NestedProjects) = preSolution
		{830F301E-9BED-4EAB-883B-22655F6E2516} = {5A33760A-C977-41C0-9640-14D467ED706E}
	EndGlobalSection
	GlobalSection(ExtensibilityGlobals) = postSolution
		SolutionGuid = {11B88F6B-700C-4272-801B-FE047B4DC464}
	EndGlobalSection
EndGlobal
